
Microsoft Visual Studio Solution File, Format Version 12.00
# Visual Studio 14
VisualStudioVersion = 14.0.24720.0
MinimumVisualStudioVersion = 10.0.40219.1
Project("{FAE04EC0-301F-11D3-BF4B-00C04F79EFBC}") = "YapGame", "YapGame\YapGame.csproj", "{8E76A71B-7BC4-4EF9-83BE-94AADE0002FB}"
EndProject
Project("{FAE04EC0-301F-11D3-BF4B-00C04F79EFBC}") = "Control", "Control\Control.csproj", "{F9D75FBA-12AB-499A-A248-74701EE5DC7E}"
EndProject
Project("{FAE04EC0-301F-11D3-BF4B-00C04F79EFBC}") = "Organism", "Organism2\Organism.csproj", "{E0442774-B4B5-4395-BD07-33EBF86854B8}"
EndProject
Global
	GlobalSection(SolutionConfigurationPlatforms) = preSolution
		Debug|Any CPU = Debug|Any CPU
		Release|Any CPU = Release|Any CPU
	EndGlobalSection
	GlobalSection(ProjectConfigurationPlatforms) = postSolution
		{8E76A71B-7BC4-4EF9-83BE-94AADE0002FB}.Debug|Any CPU.ActiveCfg = Debug|Any CPU
		{8E76A71B-7BC4-4EF9-83BE-94AADE0002FB}.Debug|Any CPU.Build.0 = Debug|Any CPU
		{8E76A71B-7BC4-4EF9-83BE-94AADE0002FB}.Release|Any CPU.ActiveCfg = Release|Any CPU
		{8E76A71B-7BC4-4EF9-83BE-94AADE0002FB}.Release|Any CPU.Build.0 = Release|Any CPU
		{F9D75FBA-12AB-499A-A248-74701EE5DC7E}.Debug|Any CPU.ActiveCfg = Debug|Any CPU
		{F9D75FBA-12AB-499A-A248-74701EE5DC7E}.Debug|Any CPU.Build.0 = Debug|Any CPU
		{F9D75FBA-12AB-499A-A248-74701EE5DC7E}.Release|Any CPU.ActiveCfg = Release|Any CPU
		{F9D75FBA-12AB-499A-A248-74701EE5DC7E}.Release|Any CPU.Build.0 = Release|Any CPU
		{E0442774-B4B5-4395-BD07-33EBF86854B8}.Debug|Any CPU.ActiveCfg = Debug|Any CPU
		{E0442774-B4B5-4395-BD07-33EBF86854B8}.Debug|Any CPU.Build.0 = Debug|Any CPU
		{E0442774-B4B5-4395-BD07-33EBF86854B8}.Release|Any CPU.ActiveCfg = Release|Any CPU
		{E0442774-B4B5-4395-BD07-33EBF86854B8}.Release|Any CPU.Build.0 = Release|Any CPU
	EndGlobalSection
	GlobalSection(SolutionProperties) = preSolution
		HideSolutionNode = FALSE
	EndGlobalSection
EndGlobal
